
Microsoft Visual Studio Solution File, Format Version 12.00
# Visual Studio Version 16
VisualStudioVersion = 16.0.29411.108
MinimumVisualStudioVersion = 10.0.40219.1
Project("{FAE04EC0-301F-11D3-BF4B-00C04F79EFBC}") = "DonationWebAPI", "DonationWebAPI.csproj", "{8C4FD8A0-E950-45D8-9405-14D6DDD8FEE1}"
EndProject
Global
	GlobalSection(SolutionConfigurationPlatforms) = preSolution
		Debug|Any CPU = Debug|Any CPU
		Release|Any CPU = Release|Any CPU
	EndGlobalSection
	GlobalSection(ProjectConfigurationPlatforms) = postSolution
		{8C4FD8A0-E950-45D8-9405-14D6DDD8FEE1}.Debug|Any CPU.ActiveCfg = Debug|Any CPU
		{8C4FD8A0-E950-45D8-9405-14D6DDD8FEE1}.Debug|Any CPU.Build.0 = Debug|Any CPU
		{8C4FD8A0-E950-45D8-9405-14D6DDD8FEE1}.Release|Any CPU.ActiveCfg = Release|Any CPU
		{8C4FD8A0-E950-45D8-9405-14D6DDD8FEE1}.Release|Any CPU.Build.0 = Release|Any CPU
	EndGlobalSection
	GlobalSection(SolutionProperties) = preSolution
		HideSolutionNode = FALSE
	EndGlobalSection
	GlobalSection(ExtensibilityGlobals) = postSolution
		SolutionGuid = {929E228A-1372-4226-902E-6994A30B6B3E}
	EndGlobalSection
EndGlobal
